
Microsoft Visual Studio Solution File, Format Version 12.00
# Visual Studio 15
VisualStudioVersion = 15.0.28307.902
MinimumVisualStudioVersion = 10.0.40219.1
Project("{FAE04EC0-301F-11D3-BF4B-00C04F79EFBC}") = "SMS", "WindowsFormsApp1\SMS.csproj", "{7D1B08ED-BB66-4B22-B7BB-ED11FC96EF32}"
EndProject
Project("{2150E333-8FDC-42A3-9474-1A3956D46DE8}") = "Solution Items", "Solution Items", "{B034A2B0-29BD-49DE-8206-8F776604FCE6}"
EndProject
Global
	GlobalSection(SolutionConfigurationPlatforms) = preSolution
		Debug|Any CPU = Debug|Any CPU
		Release|Any CPU = Release|Any CPU
	EndGlobalSection
	GlobalSection(ProjectConfigurationPlatforms) = postSolution
		{7D1B08ED-BB66-4B22-B7BB-ED11FC96EF32}.Debug|Any CPU.ActiveCfg = Debug|Any CPU
		{7D1B08ED-BB66-4B22-B7BB-ED11FC96EF32}.Debug|Any CPU.Build.0 = Debug|Any CPU
		{7D1B08ED-BB66-4B22-B7BB-ED11FC96EF32}.Release|Any CPU.ActiveCfg = Release|Any CPU
		{7D1B08ED-BB66-4B22-B7BB-ED11FC96EF32}.Release|Any CPU.Build.0 = Release|Any CPU
	EndGlobalSection
	GlobalSection(SolutionProperties) = preSolution
		HideSolutionNode = FALSE
	EndGlobalSection
	GlobalSection(ExtensibilityGlobals) = postSolution
		SolutionGuid = {51A58AA6-7ECA-480C-B117-60CC660B8969}
	EndGlobalSection
EndGlobal
